
Microsoft Visual Studio Solution File, Format Version 12.00
# Visual Studio Version 16
VisualStudioVersion = 16.0.30804.86
MinimumVisualStudioVersion = 10.0.40219.1
Project("{FAE04EC0-301F-11D3-BF4B-00C04F79EFBC}") = "DateOfBirthApp.API", "DateOfBirthApp.API\DateOfBirthApp.API.csproj", "{76DEB737-D0FA-488F-A7FB-5AF26B0B2C2D}"
EndProject
Project("{FAE04EC0-301F-11D3-BF4B-00C04F79EFBC}") = "DateOfBirthApp.Business", "DateOfBirth.Business\DateOfBirthApp.Business.csproj", "{D1CC701B-5028-4D8C-AA3C-05AE56933F91}"
EndProject
Project("{FAE04EC0-301F-11D3-BF4B-00C04F79EFBC}") = "DateOfBirthApp.Data", "DateOfBirthApp.Data\DateOfBirthApp.Data.csproj", "{BF40EC27-5A8E-45A1-B02B-21AB52F2AEEA}"
EndProject
Project("{FAE04EC0-301F-11D3-BF4B-00C04F79EFBC}") = "DateOfBirthApp.ViewModel", "DateOfBirthApp.ViewModel\DateOfBirthApp.ViewModel.csproj", "{271EEFDE-C915-4F25-9D29-20C19D67F0F3}"
EndProject
Project("{FAE04EC0-301F-11D3-BF4B-00C04F79EFBC}") = "DateOfBirthApp.Utility", "DateOfBirthApp.Utility\DateOfBirthApp.Utility.csproj", "{8C9F4FD0-5DA1-4818-9E5A-E01E9B556C4F}"
EndProject
Global
	GlobalSection(SolutionConfigurationPlatforms) = preSolution
		Debug|Any CPU = Debug|Any CPU
		Release|Any CPU = Release|Any CPU
	EndGlobalSection
	GlobalSection(ProjectConfigurationPlatforms) = postSolution
		{76DEB737-D0FA-488F-A7FB-5AF26B0B2C2D}.Debug|Any CPU.ActiveCfg = Debug|Any CPU
		{76DEB737-D0FA-488F-A7FB-5AF26B0B2C2D}.Debug|Any CPU.Build.0 = Debug|Any CPU
		{76DEB737-D0FA-488F-A7FB-5AF26B0B2C2D}.Release|Any CPU.ActiveCfg = Release|Any CPU
		{76DEB737-D0FA-488F-A7FB-5AF26B0B2C2D}.Release|Any CPU.Build.0 = Release|Any CPU
		{D1CC701B-5028-4D8C-AA3C-05AE56933F91}.Debug|Any CPU.ActiveCfg = Debug|Any CPU
		{D1CC701B-5028-4D8C-AA3C-05AE56933F91}.Debug|Any CPU.Build.0 = Debug|Any CPU
		{D1CC701B-5028-4D8C-AA3C-05AE56933F91}.Release|Any CPU.ActiveCfg = Release|Any CPU
		{D1CC701B-5028-4D8C-AA3C-05AE56933F91}.Release|Any CPU.Build.0 = Release|Any CPU
		{BF40EC27-5A8E-45A1-B02B-21AB52F2AEEA}.Debug|Any CPU.ActiveCfg = Debug|Any CPU
		{BF40EC27-5A8E-45A1-B02B-21AB52F2AEEA}.Debug|Any CPU.Build.0 = Debug|Any CPU
		{BF40EC27-5A8E-45A1-B02B-21AB52F2AEEA}.Release|Any CPU.ActiveCfg = Release|Any CPU
		{BF40EC27-5A8E-45A1-B02B-21AB52F2AEEA}.Release|Any CPU.Build.0 = Release|Any CPU
		{271EEFDE-C915-4F25-9D29-20C19D67F0F3}.Debug|Any CPU.ActiveCfg = Debug|Any CPU
		{271EEFDE-C915-4F25-9D29-20C19D67F0F3}.Debug|Any CPU.Build.0 = Debug|Any CPU
		{271EEFDE-C915-4F25-9D29-20C19D67F0F3}.Release|Any CPU.ActiveCfg = Release|Any CPU
		{271EEFDE-C915-4F25-9D29-20C19D67F0F3}.Release|Any CPU.Build.0 = Release|Any CPU
		{8C9F4FD0-5DA1-4818-9E5A-E01E9B556C4F}.Debug|Any CPU.ActiveCfg = Debug|Any CPU
		{8C9F4FD0-5DA1-4818-9E5A-E01E9B556C4F}.Debug|Any CPU.Build.0 = Debug|Any CPU
		{8C9F4FD0-5DA1-4818-9E5A-E01E9B556C4F}.Release|Any CPU.ActiveCfg = Release|Any CPU
		{8C9F4FD0-5DA1-4818-9E5A-E01E9B556C4F}.Release|Any CPU.Build.0 = Release|Any CPU
	EndGlobalSection
	GlobalSection(SolutionProperties) = preSolution
		HideSolutionNode = FALSE
	EndGlobalSection
	GlobalSection(ExtensibilityGlobals) = postSolution
		SolutionGuid = {555991C0-C34F-4AFE-83A6-7E09E31104EF}
	EndGlobalSection
EndGlobal
